
Microsoft Visual Studio Solution File, Format Version 11.00
# Visual Studio 2010
Project("{FAE04EC0-301F-11D3-BF4B-00C04F79EFBC}") = "Assembly-CSharp", "Assembly-CSharp.csproj", "{fbf5ac76-e9aa-c41e-c9b2-31e83d266cd4}"
EndProject
Project("{FAE04EC0-301F-11D3-BF4B-00C04F79EFBC}") = "AstarPathfindingProject", "AstarPathfindingProject.csproj", "{76fdca0f-51cd-dda4-d124-f6cda55b713e}"
EndProject
Project("{FAE04EC0-301F-11D3-BF4B-00C04F79EFBC}") = "AstarPathfindingProjectEditor", "AstarPathfindingProjectEditor.csproj", "{f3a591c8-b799-e136-41ea-d7ff5f812f5a}"
EndProject
Project("{FAE04EC0-301F-11D3-BF4B-00C04F79EFBC}") = "PackageToolsEditor", "PackageToolsEditor.csproj", "{30b03834-c0df-b9ac-13c2-39020a8d0b8c}"
EndProject
Project("{FAE04EC0-301F-11D3-BF4B-00C04F79EFBC}") = "Assembly-CSharp-Editor", "Assembly-CSharp-Editor.csproj", "{a9f7e82d-b6fc-ac34-7fb0-ef49038dda34}"
EndProject
Global
	GlobalSection(SolutionConfigurationPlatforms) = preSolution
		Debug|Any CPU = Debug|Any CPU
	EndGlobalSection
	GlobalSection(ProjectConfigurationPlatforms) = postSolution
		{fbf5ac76-e9aa-c41e-c9b2-31e83d266cd4}.Debug|Any CPU.ActiveCfg = Debug|Any CPU
		{fbf5ac76-e9aa-c41e-c9b2-31e83d266cd4}.Debug|Any CPU.Build.0 = Debug|Any CPU
		{76fdca0f-51cd-dda4-d124-f6cda55b713e}.Debug|Any CPU.ActiveCfg = Debug|Any CPU
		{76fdca0f-51cd-dda4-d124-f6cda55b713e}.Debug|Any CPU.Build.0 = Debug|Any CPU
		{f3a591c8-b799-e136-41ea-d7ff5f812f5a}.Debug|Any CPU.ActiveCfg = Debug|Any CPU
		{f3a591c8-b799-e136-41ea-d7ff5f812f5a}.Debug|Any CPU.Build.0 = Debug|Any CPU
		{30b03834-c0df-b9ac-13c2-39020a8d0b8c}.Debug|Any CPU.ActiveCfg = Debug|Any CPU
		{30b03834-c0df-b9ac-13c2-39020a8d0b8c}.Debug|Any CPU.Build.0 = Debug|Any CPU
		{a9f7e82d-b6fc-ac34-7fb0-ef49038dda34}.Debug|Any CPU.ActiveCfg = Debug|Any CPU
		{a9f7e82d-b6fc-ac34-7fb0-ef49038dda34}.Debug|Any CPU.Build.0 = Debug|Any CPU
	EndGlobalSection
	GlobalSection(SolutionProperties) = preSolution
		HideSolutionNode = FALSE
	EndGlobalSection
EndGlobal
